
Microsoft Visual Studio Solution File, Format Version 12.00
# Visual Studio 2013
VisualStudioVersion = 12.0.21005.1
MinimumVisualStudioVersion = 10.0.40219.1
Project("{FAE04EC0-301F-11D3-BF4B-00C04F79EFBC}") = "サンプルコード1", "サンプルコード1\サンプルコード1.csproj", "{F3DC3DCA-5B43-4B27-8F31-A9BDB173C04C}"
EndProject
Global
	GlobalSection(SolutionConfigurationPlatforms) = preSolution
		Debug|Any CPU = Debug|Any CPU
		Release|Any CPU = Release|Any CPU
	EndGlobalSection
	GlobalSection(ProjectConfigurationPlatforms) = postSolution
		{F3DC3DCA-5B43-4B27-8F31-A9BDB173C04C}.Debug|Any CPU.ActiveCfg = Debug|Any CPU
		{F3DC3DCA-5B43-4B27-8F31-A9BDB173C04C}.Debug|Any CPU.Build.0 = Debug|Any CPU
		{F3DC3DCA-5B43-4B27-8F31-A9BDB173C04C}.Release|Any CPU.ActiveCfg = Release|Any CPU
		{F3DC3DCA-5B43-4B27-8F31-A9BDB173C04C}.Release|Any CPU.Build.0 = Release|Any CPU
	EndGlobalSection
	GlobalSection(SolutionProperties) = preSolution
		HideSolutionNode = FALSE
	EndGlobalSection
EndGlobal
